
Microsoft Visual Studio Solution File, Format Version 12.00
# Visual Studio Version 17
VisualStudioVersion = 17.6.33829.357
MinimumVisualStudioVersion = 10.0.40219.1
Project("{FAE04EC0-301F-11D3-BF4B-00C04F79EFBC}") = "GitTest", "GitTest\GitTest.csproj", "{71BE784F-DD57-464D-A120-D14A3650C01D}"
EndProject
Global
	GlobalSection(SolutionConfigurationPlatforms) = preSolution
		Debug|Any CPU = Debug|Any CPU
		Release|Any CPU = Release|Any CPU
	EndGlobalSection
	GlobalSection(ProjectConfigurationPlatforms) = postSolution
		{71BE784F-DD57-464D-A120-D14A3650C01D}.Debug|Any CPU.ActiveCfg = Debug|Any CPU
		{71BE784F-DD57-464D-A120-D14A3650C01D}.Debug|Any CPU.Build.0 = Debug|Any CPU
		{71BE784F-DD57-464D-A120-D14A3650C01D}.Release|Any CPU.ActiveCfg = Release|Any CPU
		{71BE784F-DD57-464D-A120-D14A3650C01D}.Release|Any CPU.Build.0 = Release|Any CPU
	EndGlobalSection
	GlobalSection(SolutionProperties) = preSolution
		HideSolutionNode = FALSE
	EndGlobalSection
	GlobalSection(ExtensibilityGlobals) = postSolution
		SolutionGuid = {76619B51-7A9A-4FF4-84F9-157B5D5EE746}
	EndGlobalSection
EndGlobal
